// !$*UTF8*$!
{
	archiveVersion = 1;
	classes = {
	};
	objectVersion = 48;
	objects = {

/* Begin PBXBuildFile section */
		6B7D635A2047DA74009A12D0 /* AppDelegate.swift in Sources */ = {isa = PBXBuildFile; fileRef = 6B7D63592047DA74009A12D0 /* AppDelegate.swift */; };
		6B7D635C2047DA74009A12D0 /* ViewController.swift in Sources */ = {isa = PBXBuildFile; fileRef = 6B7D635B2047DA74009A12D0 /* ViewController.swift */; };
		6B7D635F2047DA74009A12D0 /* Main.storyboard in Resources */ = {isa = PBXBuildFile; fileRef = 6B7D635D2047DA74009A12D0 /* Main.storyboard */; };
		6B7D63622047DA74009A12D0 /* PureSwift.xcdatamodeld in Sources */ = {isa = PBXBuildFile; fileRef = 6B7D63602047DA74009A12D0 /* PureSwift.xcdatamodeld */; };
		6B7D63642047DA74009A12D0 /* Assets.xcassets in Resources */ = {isa = PBXBuildFile; fileRef = 6B7D63632047DA74009A12D0 /* Assets.xcassets */; };
		6B7D63672047DA74009A12D0 /* LaunchScreen.storyboard in Resources */ = {isa = PBXBuildFile; fileRef = 6B7D63652047DA74009A12D0 /* LaunchScreen.storyboard */; };
		6B7D63722047DA74009A12D0 /* PureSwiftTests.swift in Sources */ = {isa = PBXBuildFile; fileRef = 6B7D63712047DA74009A12D0 /* PureSwiftTests.swift */; };
/* End PBXBuildFile section */

/* Begin PBXContainerItemProxy section */
		6B7D636E2047DA74009A12D0 /* PBXContainerItemProxy */ = {
			isa = PBXContainerItemProxy;
			containerPortal = 6B7D634E2047DA74009A12D0 /* Project object */;
			proxyType = 1;
			remoteGlobalIDString = 6B7D63552047DA74009A12D0;
			remoteInfo = PureSwift;
		};
/* End PBXContainerItemProxy section */

/* Begin PBXFileReference section */
		6B7D63562047DA74009A12D0 /* PureSwift.app */ = {isa = PBXFileReference; explicitFileType = wrapper.application; includeInIndex = 0; path = PureSwift.app; sourceTree = BUILT_PRODUCTS_DIR; };
		6B7D63592047DA74009A12D0 /* AppDelegate.swift */ = {isa = PBXFileReference; lastKnownFileType = sourcecode.swift; path = AppDelegate.swift; sourceTree = "<group>"; };
		6B7D635B2047DA74009A12D0 /* ViewController.swift */ = {isa = PBXFileReference; lastKnownFileType = sourcecode.swift; path = ViewController.swift; sourceTree = "<group>"; };
		6B7D635E2047DA74009A12D0 /* Base */ = {isa = PBXFileReference; lastKnownFileType = file.storyboard; name = Base; path = Base.lproj/Main.storyboard; sourceTree = "<group>"; };
		6B7D63612047DA74009A12D0 /* PureSwift.xcdatamodel */ = {isa = PBXFileReference; lastKnownFileType = wrapper.xcdatamodel; path = PureSwift.xcdatamodel; sourceTree = "<group>"; };
		6B7D63632047DA74009A12D0 /* Assets.xcassets */ = {isa = PBXFileReference; lastKnownFileType = folder.assetcatalog; path = Assets.xcassets; sourceTree = "<group>"; };
		6B7D63662047DA74009A12D0 /* Base */ = {isa = PBXFileReference; lastKnownFileType = file.storyboard; name = Base; path = Base.lproj/LaunchScreen.storyboard; sourceTree = "<group>"; };
		6B7D63682047DA74009A12D0 /* Info.plist */ = {isa = PBXFileReference; lastKnownFileType = text.plist.xml; path = Info.plist; sourceTree = "<group>"; };
		6B7D636D2047DA74009A12D0 /* PureSwiftTests.xctest */ = {isa = PBXFileReference; explicitFileType = wrapper.cfbundle; includeInIndex = 0; path = PureSwiftTests.xctest; sourceTree = BUILT_PRODUCTS_DIR; };
		6B7D63712047DA74009A12D0 /* PureSwiftTests.swift */ = {isa = PBXFileReference; lastKnownFileType = sourcecode.swift; path = PureSwiftTests.swift; sourceTree = "<group>"; };
		6B7D63732047DA74009A12D0 /* Info.plist */ = {isa = PBXFileReference; lastKnownFileType = text.plist.xml; path = Info.plist; sourceTree = "<group>"; };
/* End PBXFileReference section */

/* Begin PBXFrameworksBuildPhase section */
		6B7D63532047DA74009A12D0 /* Frameworks */ = {
			isa = PBXFrameworksBuildPhase;
			buildActionMask = 2147483647;
			files = (
			);
			runOnlyForDeploymentPostprocessing = 0;
		};
		6B7D636A2047DA74009A12D0 /* Frameworks */ = {
			isa = PBXFrameworksBuildPhase;
			buildActionMask = 2147483647;
			files = (
			);
			runOnlyForDeploymentPostprocessing = 0;
		};
/* End PBXFrameworksBuildPhase section */

/* Begin PBXGroup section */
		6B7D634D2047DA74009A12D0 = {
			isa = PBXGroup;
			children = (
				6B7D63582047DA74009A12D0 /* PureSwift */,
				6B7D63702047DA74009A12D0 /* PureSwiftTests */,
				6B7D63572047DA74009A12D0 /* Products */,
			);
			sourceTree = "<group>";
		};
		6B7D63572047DA74009A12D0 /* Products */ = {
			isa = PBXGroup;
			children = (
				6B7D63562047DA74009A12D0 /* PureSwift.app */,
				6B7D636D2047DA74009A12D0 /* PureSwiftTests.xctest */,
			);
			name = Products;
			sourceTree = "<group>";
		};
		6B7D63582047DA74009A12D0 /* PureSwift */ = {
			isa = PBXGroup;
			children = (
				6B7D63592047DA74009A12D0 /* AppDelegate.swift */,
				6B7D635B2047DA74009A12D0 /* ViewController.swift */,
				6B7D635D2047DA74009A12D0 /* Main.storyboard */,
				6B7D63632047DA74009A12D0 /* Assets.xcassets */,
				6B7D63652047DA74009A12D0 /* LaunchScreen.storyboard */,
				6B7D63682047DA74009A12D0 /* Info.plist */,
				6B7D63602047DA74009A12D0 /* PureSwift.xcdatamodeld */,
			);
			path = PureSwift;
			sourceTree = "<group>";
		};
		6B7D63702047DA74009A12D0 /* PureSwiftTests */ = {
			isa = PBXGroup;
			children = (
				6B7D63712047DA74009A12D0 /* PureSwiftTests.swift */,
				6B7D63732047DA74009A12D0 /* Info.plist */,
			);
			path = PureSwiftTests;
			sourceTree = "<group>";
		};
/* End PBXGroup section */

/* Begin PBXNativeTarget section */
		6B7D63552047DA74009A12D0 /* PureSwift */ = {
			isa = PBXNativeTarget;
			buildConfigurationList = 6B7D63762047DA74009A12D0 /* Build configuration list for PBXNativeTarget "PureSwift" */;
			buildPhases = (
				6B7D63522047DA74009A12D0 /* Sources */,
				6B7D63532047DA74009A12D0 /* Frameworks */,
				6B7D63542047DA74009A12D0 /* Resources */,
			);
			buildRules = (
			);
			dependencies = (
			);
			name = PureSwift;
			productName = PureSwift;
			productReference = 6B7D63562047DA74009A12D0 /* PureSwift.app */;
			productType = "com.apple.product-type.application";
		};
		6B7D636C2047DA74009A12D0 /* PureSwiftTests */ = {
			isa = PBXNativeTarget;
			buildConfigurationList = 6B7D63792047DA74009A12D0 /* Build configuration list for PBXNativeTarget "PureSwiftTests" */;
			buildPhases = (
				6B7D63692047DA74009A12D0 /* Sources */,
				6B7D636A2047DA74009A12D0 /* Frameworks */,
				6B7D636B2047DA74009A12D0 /* Resources */,
			);
			buildRules = (
			);
			dependencies = (
				6B7D636F2047DA74009A12D0 /* PBXTargetDependency */,
			);
			name = PureSwiftTests;
			productName = PureSwiftTests;
			productReference = 6B7D636D2047DA74009A12D0 /* PureSwiftTests.xctest */;
			productType = "com.apple.product-type.bundle.unit-test";
		};
/* End PBXNativeTarget section */

/* Begin PBXProject section */
		6B7D634E2047DA74009A12D0 /* Project object */ = {
			isa = PBXProject;
			attributes = {
				LastSwiftUpdateCheck = 0920;
				LastUpgradeCheck = 0920;
				ORGANIZATIONNAME = "Aashish Adhikari";
				TargetAttributes = {
					6B7D63552047DA74009A12D0 = {
						CreatedOnToolsVersion = 9.2;
						ProvisioningStyle = Automatic;
					};
					6B7D636C2047DA74009A12D0 = {
						CreatedOnToolsVersion = 9.2;
						ProvisioningStyle = Automatic;
						TestTargetID = 6B7D63552047DA74009A12D0;
					};
				};
			};
			buildConfigurationList = 6B7D63512047DA74009A12D0 /* Build configuration list for PBXProject "PureSwift" */;
			compatibilityVersion = "Xcode 8.0";
			developmentRegion = en;
			hasScannedForEncodings = 0;
			knownRegions = (
				en,
				Base,
			);
			mainGroup = 6B7D634D2047DA74009A12D0;
			productRefGroup = 6B7D63572047DA74009A12D0 /* Products */;
			projectDirPath = "";
			projectRoot = "";
			targets = (
				6B7D63552047DA74009A12D0 /* PureSwift */,
				6B7D636C2047DA74009A12D0 /* PureSwiftTests */,
			);
		};
/* End PBXProject section */

/* Begin PBXResourcesBuildPhase section */
		6B7D63542047DA74009A12D0 /* Resources */ = {
			isa = PBXResourcesBuildPhase;
			buildActionMask = 2147483647;
			files = (
				6B7D63672047DA74009A12D0 /* LaunchScreen.storyboard in Resources */,
				6B7D63642047DA74009A12D0 /* Assets.xcassets in Resources */,
				6B7D635F2047DA74009A12D0 /* Main.storyboard in Resources */,
			);
			runOnlyForDeploymentPostprocessing = 0;
		};
		6B7D636B2047DA74009A12D0 /* Resources */ = {
			isa = PBXResourcesBuildPhase;
			buildActionMask = 2147483647;
			files = (
			);
			runOnlyForDeploymentPostprocessing = 0;
		};
/* End PBXResourcesBuildPhase section */

/* Begin PBXSourcesBuildPhase section */
		6B7D63522047DA74009A12D0 /* Sources */ = {
			isa = PBXSourcesBuildPhase;
			buildActionMask = 2147483647;
			files = (
				6B7D635C2047DA74009A12D0 /* ViewController.swift in Sources */,
				6B7D63622047DA74009A12D0 /* PureSwift.xcdatamodeld in Sources */,
				6B7D635A2047DA74009A12D0 /* AppDelegate.swift in Sources */,
			);
			runOnlyForDeploymentPostprocessing = 0;
		};
		6B7D63692047DA74009A12D0 /* Sources */ = {
			isa = PBXSourcesBuildPhase;
			buildActionMask = 2147483647;
			files = (
				6B7D63722047DA74009A12D0 /* PureSwiftTests.swift in Sources */,
			);
			runOnlyForDeploymentPostprocessing = 0;
		};
/* End PBXSourcesBuildPhase section */

/* Begin PBXTargetDependency section */
		6B7D636F2047DA74009A12D0 /* PBXTargetDependency */ = {
			isa = PBXTargetDependency;
			target = 6B7D63552047DA74009A12D0 /* PureSwift */;
			targetProxy = 6B7D636E2047DA74009A12D0 /* PBXContainerItemProxy */;
		};
/* End PBXTargetDependency section */

/* Begin PBXVariantGroup section */
		6B7D635D2047DA74009A12D0 /* Main.storyboard */ = {
			isa = PBXVariantGroup;
			children = (
				6B7D635E2047DA74009A12D0 /* Base */,
			);
			name = Main.storyboard;
			sourceTree = "<group>";
		};
		6B7D63652047DA74009A12D0 /* LaunchScreen.storyboard */ = {
			isa = PBXVariantGroup;
			children = (
				6B7D63662047DA74009A12D0 /* Base */,
			);
			name = LaunchScreen.storyboard;
			sourceTree = "<group>";
		};
/* End PBXVariantGroup section */

/* Begin XCBuildConfiguration section */
		6B7D63742047DA74009A12D0 /* Debug */ = {
			isa = XCBuildConfiguration;
			buildSettings = {
				ALWAYS_SEARCH_USER_PATHS = NO;
				CLANG_ANALYZER_NONNULL = YES;
				CLANG_ANALYZER_NUMBER_OBJECT_CONVERSION = YES_AGGRESSIVE;
				CLANG_CXX_LANGUAGE_STANDARD = "gnu++14";
				CLANG_CXX_LIBRARY = "libc++";
				CLANG_ENABLE_MODULES = YES;
				CLANG_ENABLE_OBJC_ARC = YES;
				CLANG_WARN_BLOCK_CAPTURE_AUTORELEASING = YES;
				CLANG_WARN_BOOL_CONVERSION = YES;
				CLANG_WARN_COMMA = YES;
				CLANG_WARN_CONSTANT_CONVERSION = YES;
				CLANG_WARN_DIRECT_OBJC_ISA_USAGE = YES_ERROR;
				CLANG_WARN_DOCUMENTATION_COMMENTS = YES;
				CLANG_WARN_EMPTY_BODY = YES;
				CLANG_WARN_ENUM_CONVERSION = YES;
				CLANG_WARN_INFINITE_RECURSION = YES;
				CLANG_WARN_INT_CONVERSION = YES;
				CLANG_WARN_NON_LITERAL_NULL_CONVERSION = YES;
				CLANG_WARN_OBJC_LITERAL_CONVERSION = YES;
				CLANG_WARN_OBJC_ROOT_CLASS = YES_ERROR;
				CLANG_WARN_RANGE_LOOP_ANALYSIS = YES;
				CLANG_WARN_STRICT_PROTOTYPES = YES;
				CLANG_WARN_SUSPICIOUS_MOVE = YES;
				CLANG_WARN_UNGUARDED_AVAILABILITY = YES_AGGRESSIVE;
				CLANG_WARN_UNREACHABLE_CODE = YES;
				CLANG_WARN__DUPLICATE_METHOD_MATCH = YES;
				CODE_SIGN_IDENTITY = "iPhone Developer";
				COPY_PHASE_STRIP = NO;
				DEBUG_INFORMATION_FORMAT = dwarf;
				ENABLE_STRICT_OBJC_MSGSEND = YES;
				ENABLE_TESTABILITY = YES;
				GCC_C_LANGUAGE_STANDARD = gnu11;
				GCC_DYNAMIC_NO_PIC = NO;
				GCC_NO_COMMON_BLOCKS = YES;
				GCC_OPTIMIZATION_LEVEL = 0;
				GCC_PREPROCESSOR_DEFINITIONS = (
					"DEBUG=1",
					"$(inherited)",
				);
				GCC_WARN_64_TO_32_BIT_CONVERSION = YES;
				GCC_WARN_ABOUT_RETURN_TYPE = YES_ERROR;
				GCC_WARN_UNDECLARED_SELECTOR = YES;
				GCC_WARN_UNINITIALIZED_AUTOS = YES_AGGRESSIVE;
				GCC_WARN_UNUSED_FUNCTION = YES;
				GCC_WARN_UNUSED_VARIABLE = YES;
				IPHONEOS_DEPLOYMENT_TARGET = 11.2;
				MTL_ENABLE_DEBUG_INFO = YES;
				ONLY_ACTIVE_ARCH = YES;
				SDKROOT = iphoneos;
				SWIFT_ACTIVE_COMPILATION_CONDITIONS = DEBUG;
				SWIFT_OPTIMIZATION_LEVEL = "-Onone";
			};
			name = Debug;
		};
		6B7D63752047DA74009A12D0 /* Release */ = {
			isa = XCBuildConfiguration;
			buildSettings = {
				ALWAYS_SEARCH_USER_PATHS = NO;
				CLANG_ANALYZER_NONNULL = YES;
				CLANG_ANALYZER_NUMBER_OBJECT_CONVERSION = YES_AGGRESSIVE;
				CLANG_CXX_LANGUAGE_STANDARD = "gnu++14";
				CLANG_CXX_LIBRARY = "libc++";
				CLANG_ENABLE_MODULES = YES;
				CLANG_ENABLE_OBJC_ARC = YES;
				CLANG_WARN_BLOCK_CAPTURE_AUTORELEASING = YES;
				CLANG_WARN_BOOL_CONVERSION = YES;
				CLANG_WARN_COMMA = YES;
				CLANG_WARN_CONSTANT_CONVERSION = YES;
				CLANG_WARN_DIRECT_OBJC_ISA_USAGE = YES_ERROR;
				CLANG_WARN_DOCUMENTATION_COMMENTS = YES;
				CLANG_WARN_EMPTY_BODY = YES;
				CLANG_WARN_ENUM_CONVERSION = YES;
				CLANG_WARN_INFINITE_RECURSION = YES;
				CLANG_WARN_INT_CONVERSION = YES;
				CLANG_WARN_NON_LITERAL_NULL_CONVERSION = YES;
				CLANG_WARN_OBJC_LITERAL_CONVERSION = YES;
				CLANG_WARN_OBJC_ROOT_CLASS = YES_ERROR;
				CLANG_WARN_RANGE_LOOP_ANALYSIS = YES;
				CLANG_WARN_STRICT_PROTOTYPES = YES;
				CLANG_WARN_SUSPICIOUS_MOVE = YES;
				CLANG_WARN_UNGUARDED_AVAILABILITY = YES_AGGRESSIVE;
				CLANG_WARN_UNREACHABLE_CODE = YES;
				CLANG_WARN__DUPLICATE_METHOD_MATCH = YES;
				CODE_SIGN_IDENTITY = "iPhone Developer";
				COPY_PHASE_STRIP = NO;
				DEBUG_INFORMATION_FORMAT = "dwarf-with-dsym";
				ENABLE_NS_ASSERTIONS = NO;
				ENABLE_STRICT_OBJC_MSGSEND = YES;
				GCC_C_LANGUAGE_STANDARD = gnu11;
				GCC_NO_COMMON_BLOCKS = YES;
				GCC_WARN_64_TO_32_BIT_CONVERSION = YES;
				GCC_WARN_ABOUT_RETURN_TYPE = YES_ERROR;
				GCC_WARN_UNDECLARED_SELECTOR = YES;
				GCC_WARN_UNINITIALIZED_AUTOS = YES_AGGRESSIVE;
				GCC_WARN_UNUSED_FUNCTION = YES;
				GCC_WARN_UNUSED_VARIABLE = YES;
				IPHONEOS_DEPLOYMENT_TARGET = 11.2;
				MTL_ENABLE_DEBUG_INFO = NO;
				SDKROOT = iphoneos;
				SWIFT_OPTIMIZATION_LEVEL = "-Owholemodule";
				VALIDATE_PRODUCT = YES;
			};
			name = Release;
		};
		6B7D63772047DA74009A12D0 /* Debug */ = {
			isa = XCBuildConfiguration;
			buildSettings = {
				ASSETCATALOG_COMPILER_APPICON_NAME = AppIcon;
				CODE_SIGN_STYLE = Automatic;
				DEVELOPMENT_TEAM = M95J6R4W33;
				INFOPLIST_FILE = PureSwift/Info.plist;
				LD_RUNPATH_SEARCH_PATHS = "$(inherited) @executable_path/Frameworks";
				PRODUCT_BUNDLE_IDENTIFIER = aashishadhikari.com.np.PureSwift;
				PRODUCT_NAME = "$(TARGET_NAME)";
				SWIFT_VERSION = 4.0;
				TARGETED_DEVICE_FAMILY = "1,2";
			};
			name = Debug;
		};
		6B7D63782047DA74009A12D0 /* Release */ = {
			isa = XCBuildConfiguration;
			buildSettings = {
				ASSETCATALOG_COMPILER_APPICON_NAME = AppIcon;
				CODE_SIGN_STYLE = Automatic;
				DEVELOPMENT_TEAM = M95J6R4W33;
				INFOPLIST_FILE = PureSwift/Info.plist;
				LD_RUNPATH_SEARCH_PATHS = "$(inherited) @executable_path/Frameworks";
				PRODUCT_BUNDLE_IDENTIFIER = aashishadhikari.com.np.PureSwift;
				PRODUCT_NAME = "$(TARGET_NAME)";
				SWIFT_VERSION = 4.0;
				TARGETED_DEVICE_FAMILY = "1,2";
			};
			name = Release;
		};
		6B7D637A2047DA74009A12D0 /* Debug */ = {
			isa = XCBuildConfiguration;
			buildSettings = {
				ALWAYS_EMBED_SWIFT_STANDARD_LIBRARIES = YES;
				BUNDLE_LOADER = "$(TEST_HOST)";
				CODE_SIGN_STYLE = Automatic;
				DEVELOPMENT_TEAM = M95J6R4W33;
				INFOPLIST_FILE = PureSwiftTests/Info.plist;
				LD_RUNPATH_SEARCH_PATHS = "$(inherited) @executable_path/Frameworks @loader_path/Frameworks";
				PRODUCT_BUNDLE_IDENTIFIER = aashishadhikari.com.np.PureSwiftTests;
				PRODUCT_NAME = "$(TARGET_NAME)";
				SWIFT_VERSION = 4.0;
				TARGETED_DEVICE_FAMILY = "1,2";
				TEST_HOST = "$(BUILT_PRODUCTS_DIR)/PureSwift.app/PureSwift";
			};
			name = Debug;
		};
		6B7D637B2047DA74009A12D0 /* Release */ = {
			isa = XCBuildConfiguration;
			buildSettings = {
				ALWAYS_EMBED_SWIFT_STANDARD_LIBRARIES = YES;
				BUNDLE_LOADER = "$(TEST_HOST)";
				CODE_SIGN_STYLE = Automatic;
				DEVELOPMENT_TEAM = M95J6R4W33;
				INFOPLIST_FILE = PureSwiftTests/Info.plist;
				LD_RUNPATH_SEARCH_PATHS = "$(inherited) @executable_path/Frameworks @loader_path/Frameworks";
				PRODUCT_BUNDLE_IDENTIFIER = aashishadhikari.com.np.PureSwiftTests;
				PRODUCT_NAME = "$(TARGET_NAME)";
				SWIFT_VERSION = 4.0;
				TARGETED_DEVICE_FAMILY = "1,2";
				TEST_HOST = "$(BUILT_PRODUCTS_DIR)/PureSwift.app/PureSwift";
			};
			name = Release;
		};
/* End XCBuildConfiguration section */

/* Begin XCConfigurationList section */
		6B7D63512047DA74009A12D0 /* Build configuration list for PBXProject "PureSwift" */ = {
			isa = XCConfigurationList;
			buildConfigurations = (
				6B7D63742047DA74009A12D0 /* Debug */,
				6B7D63752047DA74009A12D0 /* Release */,
			);
			defaultConfigurationIsVisible = 0;
			defaultConfigurationName = Release;
		};
		6B7D63762047DA74009A12D0 /* Build configuration list for PBXNativeTarget "PureSwift" */ = {
			isa = XCConfigurationList;
			buildConfigurations = (
				6B7D63772047DA74009A12D0 /* Debug */,
				6B7D63782047DA74009A12D0 /* Release */,
			);
			defaultConfigurationIsVisible = 0;
			defaultConfigurationName = Release;
		};
		6B7D63792047DA74009A12D0 /* Build configuration list for PBXNativeTarget "PureSwiftTests" */ = {
			isa = XCConfigurationList;
			buildConfigurations = (
				6B7D637A2047DA74009A12D0 /* Debug */,
				6B7D637B2047DA74009A12D0 /* Release */,
			);
			defaultConfigurationIsVisible = 0;
			defaultConfigurationName = Release;
		};
/* End XCConfigurationList section */

/* Begin XCVersionGroup section */
		6B7D63602047DA74009A12D0 /* PureSwift.xcdatamodeld */ = {
			isa = XCVersionGroup;
			children = (
				6B7D63612047DA74009A12D0 /* PureSwift.xcdatamodel */,
			);
			currentVersion = 6B7D63612047DA74009A12D0 /* PureSwift.xcdatamodel */;
			path = PureSwift.xcdatamodeld;
			sourceTree = "<group>";
			versionGroupType = wrapper.xcdatamodel;
		};
/* End XCVersionGroup section */
	};
	rootObject = 6B7D634E2047DA74009A12D0 /* Project object */;
}
